{
  "name": "server",
  "version": "1.0.0",
  "lockfileVersion": 2,
  "requires": true,
  "packages": {
    "": {
      "name": "server",
      "version": "1.0.0",
      "license": "ISC",
      "devDependencies": {
        "prisma": "^4.8.0"
      }
    },
    "node_modules/@prisma/engines": {
      "version": "4.8.0",
      "resolved": "https://registry.npmjs.org/@prisma/engines/-/engines-4.8.0.tgz",
      "integrity": "sha512-A1Asn2rxZMlLAj1HTyfaCv0VQrLUv034jVay05QlqZg1qiHPeA3/pGTfNMijbsMYCsGVxfWEJuaZZuNxXGMCrA==",
      "dev": true,
      "hasInstallScript": true
    },
    "node_modules/prisma": {
      "version": "4.8.0",
      "resolved": "https://registry.npmjs.org/prisma/-/prisma-4.8.0.tgz",
      "integrity": "sha512-DWIhxvxt8f4h6MDd35mz7BJff+fu7HItW3WPDIEpCR3RzcOWyiHBbLQW5/DOgmf+pRLTjwXQob7kuTZVYUAw5w==",
      "dev": true,
      "hasInstallScript": true,
      "dependencies": {
        "@prisma/engines": "4.8.0"
      },
      "bin": {
        "prisma": "build/index.js",
        "prisma2": "build/index.js"
      },
      "engines": {
        "node": ">=14.17"
      }
    }
  },
  "dependencies": {
    "@prisma/engines": {
      "version": "4.8.0",
      "resolved": "https://registry.npmjs.org/@prisma/engines/-/engines-4.8.0.tgz",
      "integrity": "sha512-A1Asn2rxZMlLAj1HTyfaCv0VQrLUv034jVay05QlqZg1qiHPeA3/pGTfNMijbsMYCsGVxfWEJuaZZuNxXGMCrA==",
      "dev": true
    },
    "prisma": {
      "version": "4.8.0",
      "resolved": "https://registry.npmjs.org/prisma/-/prisma-4.8.0.tgz",
      "integrity": "sha512-DWIhxvxt8f4h6MDd35mz7BJff+fu7HItW3WPDIEpCR3RzcOWyiHBbLQW5/DOgmf+pRLTjwXQob7kuTZVYUAw5w==",
      "dev": true,
      "requires": {
        "@prisma/engines": "4.8.0"
      }
    }
  }
}
